
Microsoft Visual Studio Solution File, Format Version 12.00
# Visual Studio Version 17
VisualStudioVersion = 17.4.33205.214
MinimumVisualStudioVersion = 10.0.40219.1
Project("{FAE04EC0-301F-11D3-BF4B-00C04F79EFBC}") = "MyDailyTasksWeb", "MyDailyTasksWeb\MyDailyTasksWeb.csproj", "{C856A959-F06B-4C02-ADB3-DE6E33F96D80}"
EndProject
Project("{FAE04EC0-301F-11D3-BF4B-00C04F79EFBC}") = "MyDailyTasks.DataAcess", "MyDailyTasks.DataAcess\MyDailyTasks.DataAcess.csproj", "{72664A0E-4EB8-4FAF-92E2-B91B9A82BEF7}"
EndProject
Project("{FAE04EC0-301F-11D3-BF4B-00C04F79EFBC}") = "MyDailyTasks.Models", "MyDailyTasks.Models\MyDailyTasks.Models.csproj", "{072A3F7D-C072-41C2-943D-B06114846A92}"
EndProject
Project("{FAE04EC0-301F-11D3-BF4B-00C04F79EFBC}") = "MyDailyTasks.Utility", "MyDailyTasks.Utility\MyDailyTasks.Utility.csproj", "{94E7449E-A01A-462E-A9C4-0731598BD3D9}"
EndProject
Global
	GlobalSection(SolutionConfigurationPlatforms) = preSolution
		Debug|Any CPU = Debug|Any CPU
		Release|Any CPU = Release|Any CPU
	EndGlobalSection
	GlobalSection(ProjectConfigurationPlatforms) = postSolution
		{C856A959-F06B-4C02-ADB3-DE6E33F96D80}.Debug|Any CPU.ActiveCfg = Debug|Any CPU
		{C856A959-F06B-4C02-ADB3-DE6E33F96D80}.Debug|Any CPU.Build.0 = Debug|Any CPU
		{C856A959-F06B-4C02-ADB3-DE6E33F96D80}.Release|Any CPU.ActiveCfg = Release|Any CPU
		{C856A959-F06B-4C02-ADB3-DE6E33F96D80}.Release|Any CPU.Build.0 = Release|Any CPU
		{72664A0E-4EB8-4FAF-92E2-B91B9A82BEF7}.Debug|Any CPU.ActiveCfg = Debug|Any CPU
		{72664A0E-4EB8-4FAF-92E2-B91B9A82BEF7}.Debug|Any CPU.Build.0 = Debug|Any CPU
		{72664A0E-4EB8-4FAF-92E2-B91B9A82BEF7}.Release|Any CPU.ActiveCfg = Release|Any CPU
		{72664A0E-4EB8-4FAF-92E2-B91B9A82BEF7}.Release|Any CPU.Build.0 = Release|Any CPU
		{072A3F7D-C072-41C2-943D-B06114846A92}.Debug|Any CPU.ActiveCfg = Debug|Any CPU
		{072A3F7D-C072-41C2-943D-B06114846A92}.Debug|Any CPU.Build.0 = Debug|Any CPU
		{072A3F7D-C072-41C2-943D-B06114846A92}.Release|Any CPU.ActiveCfg = Release|Any CPU
		{072A3F7D-C072-41C2-943D-B06114846A92}.Release|Any CPU.Build.0 = Release|Any CPU
		{94E7449E-A01A-462E-A9C4-0731598BD3D9}.Debug|Any CPU.ActiveCfg = Debug|Any CPU
		{94E7449E-A01A-462E-A9C4-0731598BD3D9}.Debug|Any CPU.Build.0 = Debug|Any CPU
		{94E7449E-A01A-462E-A9C4-0731598BD3D9}.Release|Any CPU.ActiveCfg = Release|Any CPU
		{94E7449E-A01A-462E-A9C4-0731598BD3D9}.Release|Any CPU.Build.0 = Release|Any CPU
	EndGlobalSection
	GlobalSection(SolutionProperties) = preSolution
		HideSolutionNode = FALSE
	EndGlobalSection
	GlobalSection(ExtensibilityGlobals) = postSolution
		SolutionGuid = {E137AA75-C7B2-4691-8A90-312E49EDBAC8}
	EndGlobalSection
EndGlobal
